// !$*UTF8*$!
{
	archiveVersion = 1;
	classes = {
	};
	objectVersion = 56;
	objects = {

/* Begin PBXBuildFile section */
		8207F7342C4A10750052E65D /* AppDelegate.swift in Sources */ = {isa = PBXBuildFile; fileRef = 8207F7332C4A10750052E65D /* AppDelegate.swift */; };
		8207F7362C4A10750052E65D /* SceneDelegate.swift in Sources */ = {isa = PBXBuildFile; fileRef = 8207F7352C4A10750052E65D /* SceneDelegate.swift */; };
		8207F7382C4A10750052E65D /* ViewController.swift in Sources */ = {isa = PBXBuildFile; fileRef = 8207F7372C4A10750052E65D /* ViewController.swift */; };
		8207F73B2C4A10750052E65D /* Base in Resources */ = {isa = PBXBuildFile; fileRef = 8207F73A2C4A10750052E65D /* Base */; };
		8207F73E2C4A10750052E65D /* BaseApp.xcdatamodeld in Sources */ = {isa = PBXBuildFile; fileRef = 8207F73C2C4A10750052E65D /* BaseApp.xcdatamodeld */; };
		8207F7402C4A10770052E65D /* Assets.xcassets in Resources */ = {isa = PBXBuildFile; fileRef = 8207F73F2C4A10770052E65D /* Assets.xcassets */; };
		8207F7432C4A10770052E65D /* Base in Resources */ = {isa = PBXBuildFile; fileRef = 8207F7422C4A10770052E65D /* Base */; };
		8207F74E2C4A10770052E65D /* BaseAppTests.swift in Sources */ = {isa = PBXBuildFile; fileRef = 8207F74D2C4A10770052E65D /* BaseAppTests.swift */; };
		8207F7582C4A10770052E65D /* BaseAppUITests.swift in Sources */ = {isa = PBXBuildFile; fileRef = 8207F7572C4A10770052E65D /* BaseAppUITests.swift */; };
		8207F75A2C4A10770052E65D /* BaseAppUITestsLaunchTests.swift in Sources */ = {isa = PBXBuildFile; fileRef = 8207F7592C4A10770052E65D /* BaseAppUITestsLaunchTests.swift */; };
/* End PBXBuildFile section */

/* Begin PBXContainerItemProxy section */
		8207F74A2C4A10770052E65D /* PBXContainerItemProxy */ = {
			isa = PBXContainerItemProxy;
			containerPortal = 8207F7282C4A10750052E65D /* Project object */;
			proxyType = 1;
			remoteGlobalIDString = 8207F72F2C4A10750052E65D;
			remoteInfo = BaseApp;
		};
		8207F7542C4A10770052E65D /* PBXContainerItemProxy */ = {
			isa = PBXContainerItemProxy;
			containerPortal = 8207F7282C4A10750052E65D /* Project object */;
			proxyType = 1;
			remoteGlobalIDString = 8207F72F2C4A10750052E65D;
			remoteInfo = BaseApp;
		};
/* End PBXContainerItemProxy section */

/* Begin PBXFileReference section */
		8207F7302C4A10750052E65D /* BaseApp.app */ = {isa = PBXFileReference; explicitFileType = wrapper.application; includeInIndex = 0; path = BaseApp.app; sourceTree = BUILT_PRODUCTS_DIR; };
		8207F7332C4A10750052E65D /* AppDelegate.swift */ = {isa = PBXFileReference; lastKnownFileType = sourcecode.swift; path = AppDelegate.swift; sourceTree = "<group>"; };
		8207F7352C4A10750052E65D /* SceneDelegate.swift */ = {isa = PBXFileReference; lastKnownFileType = sourcecode.swift; path = SceneDelegate.swift; sourceTree = "<group>"; };
		8207F7372C4A10750052E65D /* ViewController.swift */ = {isa = PBXFileReference; lastKnownFileType = sourcecode.swift; path = ViewController.swift; sourceTree = "<group>"; };
		8207F73A2C4A10750052E65D /* Base */ = {isa = PBXFileReference; lastKnownFileType = file.storyboard; name = Base; path = Base.lproj/Main.storyboard; sourceTree = "<group>"; };
		8207F73D2C4A10750052E65D /* BaseApp.xcdatamodel */ = {isa = PBXFileReference; lastKnownFileType = wrapper.xcdatamodel; path = BaseApp.xcdatamodel; sourceTree = "<group>"; };
		8207F73F2C4A10770052E65D /* Assets.xcassets */ = {isa = PBXFileReference; lastKnownFileType = folder.assetcatalog; path = Assets.xcassets; sourceTree = "<group>"; };
		8207F7422C4A10770052E65D /* Base */ = {isa = PBXFileReference; lastKnownFileType = file.storyboard; name = Base; path = Base.lproj/LaunchScreen.storyboard; sourceTree = "<group>"; };
		8207F7442C4A10770052E65D /* Info.plist */ = {isa = PBXFileReference; lastKnownFileType = text.plist.xml; path = Info.plist; sourceTree = "<group>"; };
		8207F7492C4A10770052E65D /* BaseAppTests.xctest */ = {isa = PBXFileReference; explicitFileType = wrapper.cfbundle; includeInIndex = 0; path = BaseAppTests.xctest; sourceTree = BUILT_PRODUCTS_DIR; };
		8207F74D2C4A10770052E65D /* BaseAppTests.swift */ = {isa = PBXFileReference; lastKnownFileType = sourcecode.swift; path = BaseAppTests.swift; sourceTree = "<group>"; };
		8207F7532C4A10770052E65D /* BaseAppUITests.xctest */ = {isa = PBXFileReference; explicitFileType = wrapper.cfbundle; includeInIndex = 0; path = BaseAppUITests.xctest; sourceTree = BUILT_PRODUCTS_DIR; };
		8207F7572C4A10770052E65D /* BaseAppUITests.swift */ = {isa = PBXFileReference; lastKnownFileType = sourcecode.swift; path = BaseAppUITests.swift; sourceTree = "<group>"; };
		8207F7592C4A10770052E65D /* BaseAppUITestsLaunchTests.swift */ = {isa = PBXFileReference; lastKnownFileType = sourcecode.swift; path = BaseAppUITestsLaunchTests.swift; sourceTree = "<group>"; };
/* End PBXFileReference section */

/* Begin PBXFrameworksBuildPhase section */
		8207F72D2C4A10750052E65D /* Frameworks */ = {
			isa = PBXFrameworksBuildPhase;
			buildActionMask = 2147483647;
			files = (
			);
			runOnlyForDeploymentPostprocessing = 0;
		};
		8207F7462C4A10770052E65D /* Frameworks */ = {
			isa = PBXFrameworksBuildPhase;
			buildActionMask = 2147483647;
			files = (
			);
			runOnlyForDeploymentPostprocessing = 0;
		};
		8207F7502C4A10770052E65D /* Frameworks */ = {
			isa = PBXFrameworksBuildPhase;
			buildActionMask = 2147483647;
			files = (
			);
			runOnlyForDeploymentPostprocessing = 0;
		};
/* End PBXFrameworksBuildPhase section */

/* Begin PBXGroup section */
		8207F7272C4A10750052E65D = {
			isa = PBXGroup;
			children = (
				8207F7322C4A10750052E65D /* BaseApp */,
				8207F74C2C4A10770052E65D /* BaseAppTests */,
				8207F7562C4A10770052E65D /* BaseAppUITests */,
				8207F7312C4A10750052E65D /* Products */,
			);
			sourceTree = "<group>";
		};
		8207F7312C4A10750052E65D /* Products */ = {
			isa = PBXGroup;
			children = (
				8207F7302C4A10750052E65D /* BaseApp.app */,
				8207F7492C4A10770052E65D /* BaseAppTests.xctest */,
				8207F7532C4A10770052E65D /* BaseAppUITests.xctest */,
			);
			name = Products;
			sourceTree = "<group>";
		};
		8207F7322C4A10750052E65D /* BaseApp */ = {
			isa = PBXGroup;
			children = (
				8207F7332C4A10750052E65D /* AppDelegate.swift */,
				8207F7352C4A10750052E65D /* SceneDelegate.swift */,
				8207F7372C4A10750052E65D /* ViewController.swift */,
				8207F7392C4A10750052E65D /* Main.storyboard */,
				8207F73F2C4A10770052E65D /* Assets.xcassets */,
				8207F7412C4A10770052E65D /* LaunchScreen.storyboard */,
				8207F7442C4A10770052E65D /* Info.plist */,
				8207F73C2C4A10750052E65D /* BaseApp.xcdatamodeld */,
			);
			path = BaseApp;
			sourceTree = "<group>";
		};
		8207F74C2C4A10770052E65D /* BaseAppTests */ = {
			isa = PBXGroup;
			children = (
				8207F74D2C4A10770052E65D /* BaseAppTests.swift */,
			);
			path = BaseAppTests;
			sourceTree = "<group>";
		};
		8207F7562C4A10770052E65D /* BaseAppUITests */ = {
			isa = PBXGroup;
			children = (
				8207F7572C4A10770052E65D /* BaseAppUITests.swift */,
				8207F7592C4A10770052E65D /* BaseAppUITestsLaunchTests.swift */,
			);
			path = BaseAppUITests;
			sourceTree = "<group>";
		};
/* End PBXGroup section */

/* Begin PBXNativeTarget section */
		8207F72F2C4A10750052E65D /* BaseApp */ = {
			isa = PBXNativeTarget;
			buildConfigurationList = 8207F75D2C4A10770052E65D /* Build configuration list for PBXNativeTarget "BaseApp" */;
			buildPhases = (
				8207F72C2C4A10750052E65D /* Sources */,
				8207F72D2C4A10750052E65D /* Frameworks */,
				8207F72E2C4A10750052E65D /* Resources */,
			);
			buildRules = (
			);
			dependencies = (
			);
			name = BaseApp;
			productName = BaseApp;
			productReference = 8207F7302C4A10750052E65D /* BaseApp.app */;
			productType = "com.apple.product-type.application";
		};
		8207F7482C4A10770052E65D /* BaseAppTests */ = {
			isa = PBXNativeTarget;
			buildConfigurationList = 8207F7602C4A10770052E65D /* Build configuration list for PBXNativeTarget "BaseAppTests" */;
			buildPhases = (
				8207F7452C4A10770052E65D /* Sources */,
				8207F7462C4A10770052E65D /* Frameworks */,
				8207F7472C4A10770052E65D /* Resources */,
			);
			buildRules = (
			);
			dependencies = (
				8207F74B2C4A10770052E65D /* PBXTargetDependency */,
			);
			name = BaseAppTests;
			productName = BaseAppTests;
			productReference = 8207F7492C4A10770052E65D /* BaseAppTests.xctest */;
			productType = "com.apple.product-type.bundle.unit-test";
		};
		8207F7522C4A10770052E65D /* BaseAppUITests */ = {
			isa = PBXNativeTarget;
			buildConfigurationList = 8207F7632C4A10770052E65D /* Build configuration list for PBXNativeTarget "BaseAppUITests" */;
			buildPhases = (
				8207F74F2C4A10770052E65D /* Sources */,
				8207F7502C4A10770052E65D /* Frameworks */,
				8207F7512C4A10770052E65D /* Resources */,
			);
			buildRules = (
			);
			dependencies = (
				8207F7552C4A10770052E65D /* PBXTargetDependency */,
			);
			name = BaseAppUITests;
			productName = BaseAppUITests;
			productReference = 8207F7532C4A10770052E65D /* BaseAppUITests.xctest */;
			productType = "com.apple.product-type.bundle.ui-testing";
		};
/* End PBXNativeTarget section */

/* Begin PBXProject section */
		8207F7282C4A10750052E65D /* Project object */ = {
			isa = PBXProject;
			attributes = {
				BuildIndependentTargetsInParallel = 1;
				LastSwiftUpdateCheck = 1540;
				LastUpgradeCheck = 1540;
				TargetAttributes = {
					8207F72F2C4A10750052E65D = {
						CreatedOnToolsVersion = 15.4;
					};
					8207F7482C4A10770052E65D = {
						CreatedOnToolsVersion = 15.4;
						TestTargetID = 8207F72F2C4A10750052E65D;
					};
					8207F7522C4A10770052E65D = {
						CreatedOnToolsVersion = 15.4;
						TestTargetID = 8207F72F2C4A10750052E65D;
					};
				};
			};
			buildConfigurationList = 8207F72B2C4A10750052E65D /* Build configuration list for PBXProject "BaseApp" */;
			compatibilityVersion = "Xcode 14.0";
			developmentRegion = en;
			hasScannedForEncodings = 0;
			knownRegions = (
				en,
				Base,
			);
			mainGroup = 8207F7272C4A10750052E65D;
			productRefGroup = 8207F7312C4A10750052E65D /* Products */;
			projectDirPath = "";
			projectRoot = "";
			targets = (
				8207F72F2C4A10750052E65D /* BaseApp */,
				8207F7482C4A10770052E65D /* BaseAppTests */,
				8207F7522C4A10770052E65D /* BaseAppUITests */,
			);
		};
/* End PBXProject section */

/* Begin PBXResourcesBuildPhase section */
		8207F72E2C4A10750052E65D /* Resources */ = {
			isa = PBXResourcesBuildPhase;
			buildActionMask = 2147483647;
			files = (
				8207F7402C4A10770052E65D /* Assets.xcassets in Resources */,
				8207F7432C4A10770052E65D /* Base in Resources */,
				8207F73B2C4A10750052E65D /* Base in Resources */,
			);
			runOnlyForDeploymentPostprocessing = 0;
		};
		8207F7472C4A10770052E65D /* Resources */ = {
			isa = PBXResourcesBuildPhase;
			buildActionMask = 2147483647;
			files = (
			);
			runOnlyForDeploymentPostprocessing = 0;
		};
		8207F7512C4A10770052E65D /* Resources */ = {
			isa = PBXResourcesBuildPhase;
			buildActionMask = 2147483647;
			files = (
			);
			runOnlyForDeploymentPostprocessing = 0;
		};
/* End PBXResourcesBuildPhase section */

/* Begin PBXSourcesBuildPhase section */
		8207F72C2C4A10750052E65D /* Sources */ = {
			isa = PBXSourcesBuildPhase;
			buildActionMask = 2147483647;
			files = (
				8207F73E2C4A10750052E65D /* BaseApp.xcdatamodeld in Sources */,
				8207F7382C4A10750052E65D /* ViewController.swift in Sources */,
				8207F7342C4A10750052E65D /* AppDelegate.swift in Sources */,
				8207F7362C4A10750052E65D /* SceneDelegate.swift in Sources */,
			);
			runOnlyForDeploymentPostprocessing = 0;
		};
		8207F7452C4A10770052E65D /* Sources */ = {
			isa = PBXSourcesBuildPhase;
			buildActionMask = 2147483647;
			files = (
				8207F74E2C4A10770052E65D /* BaseAppTests.swift in Sources */,
			);
			runOnlyForDeploymentPostprocessing = 0;
		};
		8207F74F2C4A10770052E65D /* Sources */ = {
			isa = PBXSourcesBuildPhase;
			buildActionMask = 2147483647;
			files = (
				8207F7582C4A10770052E65D /* BaseAppUITests.swift in Sources */,
				8207F75A2C4A10770052E65D /* BaseAppUITestsLaunchTests.swift in Sources */,
			);
			runOnlyForDeploymentPostprocessing = 0;
		};
/* End PBXSourcesBuildPhase section */

/* Begin PBXTargetDependency section */
		8207F74B2C4A10770052E65D /* PBXTargetDependency */ = {
			isa = PBXTargetDependency;
			target = 8207F72F2C4A10750052E65D /* BaseApp */;
			targetProxy = 8207F74A2C4A10770052E65D /* PBXContainerItemProxy */;
		};
		8207F7552C4A10770052E65D /* PBXTargetDependency */ = {
			isa = PBXTargetDependency;
			target = 8207F72F2C4A10750052E65D /* BaseApp */;
			targetProxy = 8207F7542C4A10770052E65D /* PBXContainerItemProxy */;
		};
/* End PBXTargetDependency section */

/* Begin PBXVariantGroup section */
		8207F7392C4A10750052E65D /* Main.storyboard */ = {
			isa = PBXVariantGroup;
			children = (
				8207F73A2C4A10750052E65D /* Base */,
			);
			name = Main.storyboard;
			sourceTree = "<group>";
		};
		8207F7412C4A10770052E65D /* LaunchScreen.storyboard */ = {
			isa = PBXVariantGroup;
			children = (
				8207F7422C4A10770052E65D /* Base */,
			);
			name = LaunchScreen.storyboard;
			sourceTree = "<group>";
		};
/* End PBXVariantGroup section */

/* Begin XCBuildConfiguration section */
		8207F75B2C4A10770052E65D /* Debug */ = {
			isa = XCBuildConfiguration;
			buildSettings = {
				ALWAYS_SEARCH_USER_PATHS = NO;
				ASSETCATALOG_COMPILER_GENERATE_SWIFT_ASSET_SYMBOL_EXTENSIONS = YES;
				CLANG_ANALYZER_NONNULL = YES;
				CLANG_ANALYZER_NUMBER_OBJECT_CONVERSION = YES_AGGRESSIVE;
				CLANG_CXX_LANGUAGE_STANDARD = "gnu++20";
				CLANG_ENABLE_MODULES = YES;
				CLANG_ENABLE_OBJC_ARC = YES;
				CLANG_ENABLE_OBJC_WEAK = YES;
				CLANG_WARN_BLOCK_CAPTURE_AUTORELEASING = YES;
				CLANG_WARN_BOOL_CONVERSION = YES;
				CLANG_WARN_COMMA = YES;
				CLANG_WARN_CONSTANT_CONVERSION = YES;
				CLANG_WARN_DEPRECATED_OBJC_IMPLEMENTATIONS = YES;
				CLANG_WARN_DIRECT_OBJC_ISA_USAGE = YES_ERROR;
				CLANG_WARN_DOCUMENTATION_COMMENTS = YES;
				CLANG_WARN_EMPTY_BODY = YES;
				CLANG_WARN_ENUM_CONVERSION = YES;
				CLANG_WARN_INFINITE_RECURSION = YES;
				CLANG_WARN_INT_CONVERSION = YES;
				CLANG_WARN_NON_LITERAL_NULL_CONVERSION = YES;
				CLANG_WARN_OBJC_IMPLICIT_RETAIN_SELF = YES;
				CLANG_WARN_OBJC_LITERAL_CONVERSION = YES;
				CLANG_WARN_OBJC_ROOT_CLASS = YES_ERROR;
				CLANG_WARN_QUOTED_INCLUDE_IN_FRAMEWORK_HEADER = YES;
				CLANG_WARN_RANGE_LOOP_ANALYSIS = YES;
				CLANG_WARN_STRICT_PROTOTYPES = YES;
				CLANG_WARN_SUSPICIOUS_MOVE = YES;
				CLANG_WARN_UNGUARDED_AVAILABILITY = YES_AGGRESSIVE;
				CLANG_WARN_UNREACHABLE_CODE = YES;
				CLANG_WARN__DUPLICATE_METHOD_MATCH = YES;
				COPY_PHASE_STRIP = NO;
				DEBUG_INFORMATION_FORMAT = dwarf;
				ENABLE_STRICT_OBJC_MSGSEND = YES;
				ENABLE_TESTABILITY = YES;
				ENABLE_USER_SCRIPT_SANDBOXING = YES;
				GCC_C_LANGUAGE_STANDARD = gnu17;
				GCC_DYNAMIC_NO_PIC = NO;
				GCC_NO_COMMON_BLOCKS = YES;
				GCC_OPTIMIZATION_LEVEL = 0;
				GCC_PREPROCESSOR_DEFINITIONS = (
					"DEBUG=1",
					"$(inherited)",
				);
				GCC_WARN_64_TO_32_BIT_CONVERSION = YES;
				GCC_WARN_ABOUT_RETURN_TYPE = YES_ERROR;
				GCC_WARN_UNDECLARED_SELECTOR = YES;
				GCC_WARN_UNINITIALIZED_AUTOS = YES_AGGRESSIVE;
				GCC_WARN_UNUSED_FUNCTION = YES;
				GCC_WARN_UNUSED_VARIABLE = YES;
				IPHONEOS_DEPLOYMENT_TARGET = 17.5;
				LOCALIZATION_PREFERS_STRING_CATALOGS = YES;
				MTL_ENABLE_DEBUG_INFO = INCLUDE_SOURCE;
				MTL_FAST_MATH = YES;
				ONLY_ACTIVE_ARCH = YES;
				SDKROOT = iphoneos;
				SWIFT_ACTIVE_COMPILATION_CONDITIONS = "DEBUG $(inherited)";
				SWIFT_OPTIMIZATION_LEVEL = "-Onone";
			};
			name = Debug;
		};
		8207F75C2C4A10770052E65D /* Release */ = {
			isa = XCBuildConfiguration;
			buildSettings = {
				ALWAYS_SEARCH_USER_PATHS = NO;
				ASSETCATALOG_COMPILER_GENERATE_SWIFT_ASSET_SYMBOL_EXTENSIONS = YES;
				CLANG_ANALYZER_NONNULL = YES;
				CLANG_ANALYZER_NUMBER_OBJECT_CONVERSION = YES_AGGRESSIVE;
				CLANG_CXX_LANGUAGE_STANDARD = "gnu++20";
				CLANG_ENABLE_MODULES = YES;
				CLANG_ENABLE_OBJC_ARC = YES;
				CLANG_ENABLE_OBJC_WEAK = YES;
				CLANG_WARN_BLOCK_CAPTURE_AUTORELEASING = YES;
				CLANG_WARN_BOOL_CONVERSION = YES;
				CLANG_WARN_COMMA = YES;
				CLANG_WARN_CONSTANT_CONVERSION = YES;
				CLANG_WARN_DEPRECATED_OBJC_IMPLEMENTATIONS = YES;
				CLANG_WARN_DIRECT_OBJC_ISA_USAGE = YES_ERROR;
				CLANG_WARN_DOCUMENTATION_COMMENTS = YES;
				CLANG_WARN_EMPTY_BODY = YES;
				CLANG_WARN_ENUM_CONVERSION = YES;
				CLANG_WARN_INFINITE_RECURSION = YES;
				CLANG_WARN_INT_CONVERSION = YES;
				CLANG_WARN_NON_LITERAL_NULL_CONVERSION = YES;
				CLANG_WARN_OBJC_IMPLICIT_RETAIN_SELF = YES;
				CLANG_WARN_OBJC_LITERAL_CONVERSION = YES;
				CLANG_WARN_OBJC_ROOT_CLASS = YES_ERROR;
				CLANG_WARN_QUOTED_INCLUDE_IN_FRAMEWORK_HEADER = YES;
				CLANG_WARN_RANGE_LOOP_ANALYSIS = YES;
				CLANG_WARN_STRICT_PROTOTYPES = YES;
				CLANG_WARN_SUSPICIOUS_MOVE = YES;
				CLANG_WARN_UNGUARDED_AVAILABILITY = YES_AGGRESSIVE;
				CLANG_WARN_UNREACHABLE_CODE = YES;
				CLANG_WARN__DUPLICATE_METHOD_MATCH = YES;
				COPY_PHASE_STRIP = NO;
				DEBUG_INFORMATION_FORMAT = "dwarf-with-dsym";
				ENABLE_NS_ASSERTIONS = NO;
				ENABLE_STRICT_OBJC_MSGSEND = YES;
				ENABLE_USER_SCRIPT_SANDBOXING = YES;
				GCC_C_LANGUAGE_STANDARD = gnu17;
				GCC_NO_COMMON_BLOCKS = YES;
				GCC_WARN_64_TO_32_BIT_CONVERSION = YES;
				GCC_WARN_ABOUT_RETURN_TYPE = YES_ERROR;
				GCC_WARN_UNDECLARED_SELECTOR = YES;
				GCC_WARN_UNINITIALIZED_AUTOS = YES_AGGRESSIVE;
				GCC_WARN_UNUSED_FUNCTION = YES;
				GCC_WARN_UNUSED_VARIABLE = YES;
				IPHONEOS_DEPLOYMENT_TARGET = 17.5;
				LOCALIZATION_PREFERS_STRING_CATALOGS = YES;
				MTL_ENABLE_DEBUG_INFO = NO;
				MTL_FAST_MATH = YES;
				SDKROOT = iphoneos;
				SWIFT_COMPILATION_MODE = wholemodule;
				VALIDATE_PRODUCT = YES;
			};
			name = Release;
		};
		8207F75E2C4A10770052E65D /* Debug */ = {
			isa = XCBuildConfiguration;
			buildSettings = {
				ASSETCATALOG_COMPILER_APPICON_NAME = AppIcon;
				ASSETCATALOG_COMPILER_GLOBAL_ACCENT_COLOR_NAME = AccentColor;
				CODE_SIGN_STYLE = Automatic;
				CURRENT_PROJECT_VERSION = 1;
				GENERATE_INFOPLIST_FILE = YES;
				INFOPLIST_FILE = BaseApp/Info.plist;
				INFOPLIST_KEY_UIApplicationSupportsIndirectInputEvents = YES;
				INFOPLIST_KEY_UILaunchStoryboardName = LaunchScreen;
				INFOPLIST_KEY_UIMainStoryboardFile = Main;
				INFOPLIST_KEY_UISupportedInterfaceOrientations_iPad = "UIInterfaceOrientationPortrait UIInterfaceOrientationPortraitUpsideDown UIInterfaceOrientationLandscapeLeft UIInterfaceOrientationLandscapeRight";
				INFOPLIST_KEY_UISupportedInterfaceOrientations_iPhone = "UIInterfaceOrientationPortrait UIInterfaceOrientationLandscapeLeft UIInterfaceOrientationLandscapeRight";
				LD_RUNPATH_SEARCH_PATHS = (
					"$(inherited)",
					"@executable_path/Frameworks",
				);
				MARKETING_VERSION = 1.0;
				PRODUCT_BUNDLE_IDENTIFIER = hazel.BaseApp;
				PRODUCT_NAME = "$(TARGET_NAME)";
				SWIFT_EMIT_LOC_STRINGS = YES;
				SWIFT_VERSION = 5.0;
				TARGETED_DEVICE_FAMILY = "1,2";
			};
			name = Debug;
		};
		8207F75F2C4A10770052E65D /* Release */ = {
			isa = XCBuildConfiguration;
			buildSettings = {
				ASSETCATALOG_COMPILER_APPICON_NAME = AppIcon;
				ASSETCATALOG_COMPILER_GLOBAL_ACCENT_COLOR_NAME = AccentColor;
				CODE_SIGN_STYLE = Automatic;
				CURRENT_PROJECT_VERSION = 1;
				GENERATE_INFOPLIST_FILE = YES;
				INFOPLIST_FILE = BaseApp/Info.plist;
				INFOPLIST_KEY_UIApplicationSupportsIndirectInputEvents = YES;
				INFOPLIST_KEY_UILaunchStoryboardName = LaunchScreen;
				INFOPLIST_KEY_UIMainStoryboardFile = Main;
				INFOPLIST_KEY_UISupportedInterfaceOrientations_iPad = "UIInterfaceOrientationPortrait UIInterfaceOrientationPortraitUpsideDown UIInterfaceOrientationLandscapeLeft UIInterfaceOrientationLandscapeRight";
				INFOPLIST_KEY_UISupportedInterfaceOrientations_iPhone = "UIInterfaceOrientationPortrait UIInterfaceOrientationLandscapeLeft UIInterfaceOrientationLandscapeRight";
				LD_RUNPATH_SEARCH_PATHS = (
					"$(inherited)",
					"@executable_path/Frameworks",
				);
				MARKETING_VERSION = 1.0;
				PRODUCT_BUNDLE_IDENTIFIER = hazel.BaseApp;
				PRODUCT_NAME = "$(TARGET_NAME)";
				SWIFT_EMIT_LOC_STRINGS = YES;
				SWIFT_VERSION = 5.0;
				TARGETED_DEVICE_FAMILY = "1,2";
			};
			name = Release;
		};
		8207F7612C4A10770052E65D /* Debug */ = {
			isa = XCBuildConfiguration;
			buildSettings = {
				ALWAYS_EMBED_SWIFT_STANDARD_LIBRARIES = YES;
				BUNDLE_LOADER = "$(TEST_HOST)";
				CODE_SIGN_STYLE = Automatic;
				CURRENT_PROJECT_VERSION = 1;
				GENERATE_INFOPLIST_FILE = YES;
				IPHONEOS_DEPLOYMENT_TARGET = 17.5;
				MARKETING_VERSION = 1.0;
				PRODUCT_BUNDLE_IDENTIFIER = hazel.BaseAppTests;
				PRODUCT_NAME = "$(TARGET_NAME)";
				SWIFT_EMIT_LOC_STRINGS = NO;
				SWIFT_VERSION = 5.0;
				TARGETED_DEVICE_FAMILY = "1,2";
				TEST_HOST = "$(BUILT_PRODUCTS_DIR)/BaseApp.app/$(BUNDLE_EXECUTABLE_FOLDER_PATH)/BaseApp";
			};
			name = Debug;
		};
		8207F7622C4A10770052E65D /* Release */ = {
			isa = XCBuildConfiguration;
			buildSettings = {
				ALWAYS_EMBED_SWIFT_STANDARD_LIBRARIES = YES;
				BUNDLE_LOADER = "$(TEST_HOST)";
				CODE_SIGN_STYLE = Automatic;
				CURRENT_PROJECT_VERSION = 1;
				GENERATE_INFOPLIST_FILE = YES;
				IPHONEOS_DEPLOYMENT_TARGET = 17.5;
				MARKETING_VERSION = 1.0;
				PRODUCT_BUNDLE_IDENTIFIER = hazel.BaseAppTests;
				PRODUCT_NAME = "$(TARGET_NAME)";
				SWIFT_EMIT_LOC_STRINGS = NO;
				SWIFT_VERSION = 5.0;
				TARGETED_DEVICE_FAMILY = "1,2";
				TEST_HOST = "$(BUILT_PRODUCTS_DIR)/BaseApp.app/$(BUNDLE_EXECUTABLE_FOLDER_PATH)/BaseApp";
			};
			name = Release;
		};
		8207F7642C4A10770052E65D /* Debug */ = {
			isa = XCBuildConfiguration;
			buildSettings = {
				ALWAYS_EMBED_SWIFT_STANDARD_LIBRARIES = YES;
				CODE_SIGN_STYLE = Automatic;
				CURRENT_PROJECT_VERSION = 1;
				GENERATE_INFOPLIST_FILE = YES;
				MARKETING_VERSION = 1.0;
				PRODUCT_BUNDLE_IDENTIFIER = hazel.BaseAppUITests;
				PRODUCT_NAME = "$(TARGET_NAME)";
				SWIFT_EMIT_LOC_STRINGS = NO;
				SWIFT_VERSION = 5.0;
				TARGETED_DEVICE_FAMILY = "1,2";
				TEST_TARGET_NAME = BaseApp;
			};
			name = Debug;
		};
		8207F7652C4A10770052E65D /* Release */ = {
			isa = XCBuildConfiguration;
			buildSettings = {
				ALWAYS_EMBED_SWIFT_STANDARD_LIBRARIES = YES;
				CODE_SIGN_STYLE = Automatic;
				CURRENT_PROJECT_VERSION = 1;
				GENERATE_INFOPLIST_FILE = YES;
				MARKETING_VERSION = 1.0;
				PRODUCT_BUNDLE_IDENTIFIER = hazel.BaseAppUITests;
				PRODUCT_NAME = "$(TARGET_NAME)";
				SWIFT_EMIT_LOC_STRINGS = NO;
				SWIFT_VERSION = 5.0;
				TARGETED_DEVICE_FAMILY = "1,2";
				TEST_TARGET_NAME = BaseApp;
			};
			name = Release;
		};
/* End XCBuildConfiguration section */

/* Begin XCConfigurationList section */
		8207F72B2C4A10750052E65D /* Build configuration list for PBXProject "BaseApp" */ = {
			isa = XCConfigurationList;
			buildConfigurations = (
				8207F75B2C4A10770052E65D /* Debug */,
				8207F75C2C4A10770052E65D /* Release */,
			);
			defaultConfigurationIsVisible = 0;
			defaultConfigurationName = Release;
		};
		8207F75D2C4A10770052E65D /* Build configuration list for PBXNativeTarget "BaseApp" */ = {
			isa = XCConfigurationList;
			buildConfigurations = (
				8207F75E2C4A10770052E65D /* Debug */,
				8207F75F2C4A10770052E65D /* Release */,
			);
			defaultConfigurationIsVisible = 0;
			defaultConfigurationName = Release;
		};
		8207F7602C4A10770052E65D /* Build configuration list for PBXNativeTarget "BaseAppTests" */ = {
			isa = XCConfigurationList;
			buildConfigurations = (
				8207F7612C4A10770052E65D /* Debug */,
				8207F7622C4A10770052E65D /* Release */,
			);
			defaultConfigurationIsVisible = 0;
			defaultConfigurationName = Release;
		};
		8207F7632C4A10770052E65D /* Build configuration list for PBXNativeTarget "BaseAppUITests" */ = {
			isa = XCConfigurationList;
			buildConfigurations = (
				8207F7642C4A10770052E65D /* Debug */,
				8207F7652C4A10770052E65D /* Release */,
			);
			defaultConfigurationIsVisible = 0;
			defaultConfigurationName = Release;
		};
/* End XCConfigurationList section */

/* Begin XCVersionGroup section */
		8207F73C2C4A10750052E65D /* BaseApp.xcdatamodeld */ = {
			isa = XCVersionGroup;
			children = (
				8207F73D2C4A10750052E65D /* BaseApp.xcdatamodel */,
			);
			currentVersion = 8207F73D2C4A10750052E65D /* BaseApp.xcdatamodel */;
			path = BaseApp.xcdatamodeld;
			sourceTree = "<group>";
			versionGroupType = wrapper.xcdatamodel;
		};
/* End XCVersionGroup section */
	};
	rootObject = 8207F7282C4A10750052E65D /* Project object */;
}
